version = 1
revision = 3
requires-python = ">=3.12"

[manifest]
constraints = [{ name = "typeguard", specifier = "<4.6" }]

[[package]]
name = "colorama"
version = "0.4.6"
source = { registry = "https://pypi.org/simple" }
sdist = { url = "https://files.pythonhosted.org/packages/d8/53/6f443c9a4a8358a93a6792e2acffb9d9d5cb0a5cfd8802644b7b1c9a02e4/colorama-0.4.6.tar.gz", hash = "sha256:08695f5cb7ed6e0531a20572697297273c47b8cae5a63ffc6d6ed5c201be6e44", size = 27697, upload-time = "2022-10-25T02:36:22.414Z" }
wheels = [
    { url = "https://files.pythonhosted.org/packages/d1/d6/3965ed04c63042e047cb6a3e6ed1a63a35087b6a609aa3a15ed8ac56c221/colorama-0.4.6-py2.py3-none-any.whl", hash = "sha256:4f1d9991f5acc0ca119f9d443620b77f9d6b33703e51011c16baf57afb285fc6", size = 25335, upload-time = "2022-10-25T02:36:20.889Z" },
]

[[package]]
name = "docstring-parser"
version = "0.18.0"
source = { registry = "https://pypi.org/simple" }
sdist = { url = "https://files.pythonhosted.org/packages/e0/4d/f332313098c1de1b2d2ff91cf2674415cc7cddab2ca1b01ae29774bd5fdf/docstring_parser-0.18.0.tar.gz", hash = "sha256:292510982205c12b1248696f44959db3cdd1740237a968ea1e2e7a900eeb2015", size = 29341, upload-time = "2026-04-14T04:09:19.867Z" }
wheels = [
    { url = "https://files.pythonhosted.org/packages/a7/5f/ed01f9a3cdffbd5a008556fc7b2a08ddb1cc6ace7effa7340604b1d16699/docstring_parser-0.18.0-py3-none-any.whl", hash = "sha256:b3fcbed555c47d8479be0796ef7e19c2670d428d72e96da63f3a40122860374b", size = 22484, upload-time = "2026-04-14T04:09:18.638Z" },
]

[[package]]
name = "iniconfig"
version = "2.3.0"
source = { registry = "https://pypi.org/simple" }
sdist = { url = "https://files.pythonhosted.org/packages/72/34/14ca021ce8e5dfedc35312d08ba8bf51fdd999c576889fc2c24cb97f4f10/iniconfig-2.3.0.tar.gz", hash = "sha256:c76315c77db068650d49c5b56314774a7804df16fee4402c1f19d6d15d8c4730", size = 20503, upload-time = "2025-10-18T21:55:43.219Z" }
wheels = [
    { url = "https://files.pythonhosted.org/packages/cb/b1/3846dd7f199d53cb17f49cba7e651e9ce294d8497c8c150530ed11865bb8/iniconfig-2.3.0-py3-none-any.whl", hash = "sha256:f631c04d2c48c52b84d0d0549c99ff3859c98df65b3101406327ecc7d53fbf12", size = 7484, upload-time = "2025-10-18T21:55:41.639Z" },
]

[[package]]
name = "packaging"
version = "26.3"
source = { registry = "https://pypi.org/simple" }
sdist = { url = "https://files.pythonhosted.org/packages/7d/fa/3944b40b07da9ce895c0e6303a5ab7d53da063554f534556b134a54d6093/packaging-26.3.tar.gz", hash = "sha256:94edc256424af38762eb31306eed28beb9f0efc50a8837492c9d6fd6004aed79", size = 313412, upload-time = "2026-08-04T18:15:28.737Z" }
wheels = [
    { url = "https://files.pythonhosted.org/packages/63/34/ba1c580383c9eada3711951fef0795c80b829a078d72188184bcab9dd527/packaging-26.3-py3-none-any.whl", hash = "sha256:d7193f7c8e4e93f444fde0262bf90af30e16fa0ad0ad44cb553c87339b23cd1c", size = 129956, upload-time = "2026-08-04T18:15:27.159Z" },
]

[[package]]
name = "pluggy"
version = "1.6.0"
source = { registry = "https://pypi.org/simple" }
sdist = { url = "https://files.pythonhosted.org/packages/f9/e2/3e91f31a7d2b083fe6ef3fa267035b518369d9511ffab804f839851d2779/pluggy-1.6.0.tar.gz", hash = "sha256:7dcc130b76258d33b90f61b658791dede3486c3e6bfb003ee5c9bfb396dd22f3", size = 69412, upload-time = "2025-05-15T12:30:07.975Z" }
wheels = [
    { url = "https://files.pythonhosted.org/packages/54/20/4d324d65cc6d9205fabedc306948156824eb9f0ee1633355a8f7ec5c66bf/pluggy-1.6.0-py3-none-any.whl", hash = "sha256:e920276dd6813095e9377c0bc5566d94c932c33b27a3e3945d8389c374dd4746", size = 20538, upload-time = "2025-05-15T12:30:06.134Z" },
]

[[package]]
name = "pygments"
version = "2.21.0"
source = { registry = "https://pypi.org/simple" }
sdist = { url = "https://files.pythonhosted.org/packages/49/2e/ced460408999b33da6b31b0021b0f37d329e202d4169aeb164493778f25b/pygments-2.21.0.tar.gz", hash = "sha256:610ca751c9bc2492b38eb9a38a7fbc93edbbb2d7182edaf34e66ae493dee5c8c", size = 5005329, upload-time = "2026-08-17T08:02:48.824Z" }
wheels = [
    { url = "https://files.pythonhosted.org/packages/71/46/17f022dd3e953bf20a04a028a21ec746d942f8d2af30fa0f124fa0e6a684/pygments-2.21.0-py3-none-any.whl", hash = "sha256:2363c69b61c4a97c838da3b130dcd6468f4848992b21a82f2a63ec34377137d9", size = 1250147, upload-time = "2026-08-17T08:02:44.912Z" },
]

[[package]]
name = "pytest"
version = "9.1.1"
source = { registry = "https://pypi.org/simple" }
dependencies = [
    { name = "colorama", marker = "sys_platform == 'win32'" },
    { name = "iniconfig" },
    { name = "packaging" },
    { name = "pluggy" },
    { name = "pygments" },
]
sdist = { url = "https://files.pythonhosted.org/packages/e4/47/b9efed96c114afcfa3c9d3fe98a76a1d14c74a9e266d397cf6eb64be5e01/pytest-9.1.1.tar.gz", hash = "sha256:1088fbde8f2b49d95a549a195707afa7a76a3ce9bcadc26b6d71f0ffda5fe313", size = 1636369, upload-time = "2026-06-19T10:58:32.857Z" }
wheels = [
    { url = "https://files.pythonhosted.org/packages/24/25/1de2678b631f5a49215c6c96fff41ba892b0a34df68d6d80292b1b48aa7f/pytest-9.1.1-py3-none-any.whl", hash = "sha256:37a86b45efb9a47a61a36449063e8e18d0cab3161329fc099eb21783169c4f0c", size = 386536, upload-time = "2026-06-19T10:58:31.347Z" },
]

[[package]]
name = "synth"
version = "2.0"
source = { virtual = "." }
dependencies = [
    { name = "tinysexpr" },
    { name = "tyro" },
    { name = "z3-solver" },
]

[package.dev-dependencies]
dev = [
    { name = "pytest" },
]

[package.metadata]
requires-dist = [
    { name = "tinysexpr", specifier = "==1.7.1" },
    { name = "tyro", specifier = "==1.0.6" },
    { name = "z3-solver", specifier = "==4.16.0" },
]

[package.metadata.requires-dev]
dev = [{ name = "pytest", specifier = ">=8" }]

[[package]]
name = "tinysexpr"
version = "1.7.1"
source = { registry = "https://pypi.org/simple" }
sdist = { url = "https://files.pythonhosted.org/packages/1c/90/514488abed533226c0701ecc282671582e7d83e0d0386a66daa26157ba33/tinysexpr-1.7.1.tar.gz", hash = "sha256:e65cbead81b70955e7d192e98634298755716a2c0a6506fe42a943087bd015af", size = 3154, upload-time = "2026-06-14T09:42:32.523Z" }
wheels = [
    { url = "https://files.pythonhosted.org/packages/79/c0/299f12b01c8c93f12d29738f7368c2bc12e1e2d43b5fd3646172d1b068e2/tinysexpr-1.7.1-py3-none-any.whl", hash = "sha256:d4b083abf04b70b98e266e3b3517ab4c6f7352168c469d3eb9a69fe8dc42008a", size = 4116, upload-time = "2026-06-14T09:42:31.424Z" },
]

[[package]]
name = "typeguard"
version = "4.5.2"
source = { registry = "https://pypi.org/simple" }
dependencies = [
    { name = "typing-extensions" },
]
sdist = { url = "https://files.pythonhosted.org/packages/67/1c/dfba5c4633cafc4c701f237d2ba63b416805047fd6d96aab4cfc40969f98/typeguard-4.5.2.tar.gz", hash = "sha256:5a16dcac23502039299c97c8941651bc33d7ea8cc4b2f7d6bbb1b528f6eea423", size = 80240, upload-time = "2026-05-14T12:59:40.857Z" }
wheels = [
    { url = "https://files.pythonhosted.org/packages/5b/29/74eeb4d3f3ae61ca096b018ad486b3b3c74b17bec09ab4edab721cbefec3/typeguard-4.5.2-py3-none-any.whl", hash = "sha256:fcf9de18bd945cdb4c7b996e12b4c51ce83f92f191314a6d7cf1739586ec98cf", size = 36748, upload-time = "2026-05-14T12:59:39.473Z" },
]

[[package]]
name = "typing-extensions"
version = "4.16.0"
source = { registry = "https://pypi.org/simple" }
sdist = { url = "https://files.pythonhosted.org/packages/f6/cc/6253133b5bb138fc3306cebfbda2c520f545d36b5be2c7255cc528bb45d6/typing_extensions-4.16.0.tar.gz", hash = "sha256:dc983d19a509c94dba722ee6abd33940f7c05a89e243c47e907eb4db6f1a43e5", size = 113555, upload-time = "2026-07-02T08:40:05.92Z" }
wheels = [
    { url = "https://files.pythonhosted.org/packages/49/d3/b8441a820a491ddfc024b0b0cf0393375b75ea13866d9c66727e54c2fc80/typing_extensions-4.16.0-py3-none-any.whl", hash = "sha256:481caa481374e813c1b176ada14e97f1f67a4539ce9cfeb3f350d78d6370c2e8", size = 45571, upload-time = "2026-07-02T08:40:04.659Z" },
]

[[package]]
name = "tyro"
version = "1.0.6"
source = { registry = "https://pypi.org/simple" }
dependencies = [
    { name = "docstring-parser" },
    { name = "typeguard" },
    { name = "typing-extensions" },
]
sdist = { url = "https://files.pythonhosted.org/packages/a3/2d/c733d7a9459bf5bfe505182dae172d736c6e168225d84dabd341345cedbc/tyro-1.0.6.tar.gz", hash = "sha256:691976f70703ef0153cb6107c4ac418d558d0dd774137dd9b6420b9cf4dd8aee", size = 454440, upload-time = "2026-02-05T12:23:01.538Z" }
wheels = [
    { url = "https://files.pythonhosted.org/packages/a7/f9/56b0cb8c5c287c7eec02735cce74a4c25cc56d6817bab7edde6f32b024a3/tyro-1.0.6-py3-none-any.whl", hash = "sha256:43a6c63419e8c14c3c21981b2614a583b5d14d0bb1300d7c7f328bec0f46cd37", size = 181300, upload-time = "2026-02-05T12:22:59.833Z" },
]

[[package]]
name = "z3-solver"
version = "4.16.0.0"
source = { registry = "https://pypi.org/simple" }
sdist = { url = "https://files.pythonhosted.org/packages/93/3b/2b714c40ef2ecf6d8aa080056b9c24a77fe4ca2c83abd83e9c93d34212ac/z3_solver-4.16.0.0.tar.gz", hash = "sha256:263d9ad668966e832c2b246ba0389298a599637793da2dc01cc5e4ef4b0b6c78", size = 5098891, upload-time = "2026-02-19T04:14:08.818Z" }
wheels = [
    { url = "https://files.pythonhosted.org/packages/2d/5d/9b277a80333db6b85fedd0f5082e311efcbaec47f2c44c57d38953c2d4d9/z3_solver-4.16.0.0-py3-none-macosx_15_0_arm64.whl", hash = "sha256:cc52843cfdd3d3f2cd24bedc62e71c18af8c8b7b23fb05e639ab60b01b5f8f2f", size = 36963251, upload-time = "2026-02-19T04:13:44.303Z" },
    { url = "https://files.pythonhosted.org/packages/1c/c4/fc99aa544930fb7bfcd88947c2788f318acaf1b9704a7a914445e204436a/z3_solver-4.16.0.0-py3-none-macosx_15_0_x86_64.whl", hash = "sha256:e292df40951523e4ecfbc8dee549d93dee00a3fe4ee4833270d19876b713e210", size = 47523873, upload-time = "2026-02-19T04:13:48.154Z" },
    { url = "https://files.pythonhosted.org/packages/f6/e6/98741b086b6e01630a55db1fbda596949f738204aac14ef35e64a9526ccb/z3_solver-4.16.0.0-py3-none-manylinux_2_27_x86_64.whl", hash = "sha256:afae2551f795670f0522cfce82132d129c408a2694adff71eb01ba0f2ece44f9", size = 31741807, upload-time = "2026-02-19T04:13:52.283Z" },
    { url = "https://files.pythonhosted.org/packages/e7/2e/295d467c7c796c01337bff790dbedc28cf279f9d365ed64aa9f8ca6b2ba1/z3_solver-4.16.0.0-py3-none-manylinux_2_38_aarch64.whl", hash = "sha256:358648c3b5ef82b9ec9a25711cf4fc498c7881f03a9f4a2ea6ffa9304ca65d94", size = 27326531, upload-time = "2026-02-19T04:13:55.787Z" },
    { url = "https://files.pythonhosted.org/packages/34/df/29816ce4de24cca3acb007412f9c6fba603e55fcc27ce8c2aade0939057a/z3_solver-4.16.0.0-py3-none-win32.whl", hash = "sha256:cc64c4d41fbebe419fccddb044979c3d95b41214547db65eecdaa67fafef7fe0", size = 13341643, upload-time = "2026-02-19T04:13:58.88Z" },
    { url = "https://files.pythonhosted.org/packages/86/20/cef4f4d70845df24572d005d19995f92b7f527eb2ffb63a3f5f938a0de2e/z3_solver-4.16.0.0-py3-none-win_amd64.whl", hash = "sha256:eb5df383cb6a3d6b7767dbdca348ac71f6f41e82f76c9ac42002a1f55e35f462", size = 16419861, upload-time = "2026-02-19T04:14:03.232Z" },
    { url = "https://files.pythonhosted.org/packages/e1/18/7dc1051093abfd6db56ce9addb63c624bfa31946ccb9cfc9be5e75237a26/z3_solver-4.16.0.0-py3-none-win_arm64.whl", hash = "sha256:28729eae2c89112e37697acce4d4517f5e44c6c54d36fed9cf914b06f380cbd6", size = 15084866, upload-time = "2026-02-19T04:14:06.355Z" },
]
